
Microsoft Visual Studio Solution File, Format Version 12.00
# Visual Studio Version 17
VisualStudioVersion = 17.10.35122.118
MinimumVisualStudioVersion = 10.0.40219.1
Project("{2150E333-8FDC-42A3-9474-1A3956D46DE8}") = "Services", "Services", "{DB9C8767-4F57-42ED-B796-9D2FBB3E398F}"
EndProject
Project("{2150E333-8FDC-42A3-9474-1A3956D46DE8}") = "Catalog", "Catalog", "{D1BAB8EB-F4D1-428C-AEAE-6A7EB6225F84}"
EndProject
Project("{FAE04EC0-301F-11D3-BF4B-00C04F79EFBC}") = "CatalogAPI", "Services\Catalog\CatalogAPI\CatalogAPI.csproj", "{98A934B7-E59F-4C4E-AA72-AE3DE1A2C718}"
EndProject
Global
	GlobalSection(SolutionConfigurationPlatforms) = preSolution
		Debug|Any CPU = Debug|Any CPU
		Release|Any CPU = Release|Any CPU
	EndGlobalSection
	GlobalSection(ProjectConfigurationPlatforms) = postSolution
		{98A934B7-E59F-4C4E-AA72-AE3DE1A2C718}.Debug|Any CPU.ActiveCfg = Debug|Any CPU
		{98A934B7-E59F-4C4E-AA72-AE3DE1A2C718}.Debug|Any CPU.Build.0 = Debug|Any CPU
		{98A934B7-E59F-4C4E-AA72-AE3DE1A2C718}.Release|Any CPU.ActiveCfg = Release|Any CPU
		{98A934B7-E59F-4C4E-AA72-AE3DE1A2C718}.Release|Any CPU.Build.0 = Release|Any CPU
	EndGlobalSection
	GlobalSection(SolutionProperties) = preSolution
		HideSolutionNode = FALSE
	EndGlobalSection
	GlobalSection(NestedProjects) = preSolution
		{D1BAB8EB-F4D1-428C-AEAE-6A7EB6225F84} = {DB9C8767-4F57-42ED-B796-9D2FBB3E398F}
		{98A934B7-E59F-4C4E-AA72-AE3DE1A2C718} = {D1BAB8EB-F4D1-428C-AEAE-6A7EB6225F84}
	EndGlobalSection
	GlobalSection(ExtensibilityGlobals) = postSolution
		SolutionGuid = {959662E1-33F3-4E50-9A68-7A2AB6F3323B}
	EndGlobalSection
EndGlobal
